
Microsoft Visual Studio Solution File, Format Version 12.00
# Visual Studio 15
VisualStudioVersion = 15.0.28307.852
MinimumVisualStudioVersion = 10.0.40219.1
Project("{FAE04EC0-301F-11D3-BF4B-00C04F79EFBC}") = "LoadTesting", "LoadTesting\LoadTesting.csproj", "{6CDD4A14-2036-4AB8-A0C0-6DC195335D1B}"
EndProject
Global
	GlobalSection(SolutionConfigurationPlatforms) = preSolution
		Debug|Any CPU = Debug|Any CPU
		Release|Any CPU = Release|Any CPU
	EndGlobalSection
	GlobalSection(ProjectConfigurationPlatforms) = postSolution
		{6CDD4A14-2036-4AB8-A0C0-6DC195335D1B}.Debug|Any CPU.ActiveCfg = Debug|Any CPU
		{6CDD4A14-2036-4AB8-A0C0-6DC195335D1B}.Debug|Any CPU.Build.0 = Debug|Any CPU
		{6CDD4A14-2036-4AB8-A0C0-6DC195335D1B}.Release|Any CPU.ActiveCfg = Release|Any CPU
		{6CDD4A14-2036-4AB8-A0C0-6DC195335D1B}.Release|Any CPU.Build.0 = Release|Any CPU
	EndGlobalSection
	GlobalSection(SolutionProperties) = preSolution
		HideSolutionNode = FALSE
	EndGlobalSection
	GlobalSection(ExtensibilityGlobals) = postSolution
		SolutionGuid = {69C670B1-C51D-493E-92EC-6F388525C5CB}
	EndGlobalSection
EndGlobal
