
Microsoft Visual Studio Solution File, Format Version 12.00
# Visual Studio 2012
Project("{FAE04EC0-301F-11D3-BF4B-00C04F79EFBC}") = "TestRequest", "TestGate\TestRequest.csproj", "{15D9B2CE-779E-4F15-B8D4-13413972795B}"
EndProject
Global
	GlobalSection(SolutionConfigurationPlatforms) = preSolution
		Debug|Any CPU = Debug|Any CPU
		Release|Any CPU = Release|Any CPU
	EndGlobalSection
	GlobalSection(ProjectConfigurationPlatforms) = postSolution
		{15D9B2CE-779E-4F15-B8D4-13413972795B}.Debug|Any CPU.ActiveCfg = Debug|Any CPU
		{15D9B2CE-779E-4F15-B8D4-13413972795B}.Debug|Any CPU.Build.0 = Debug|Any CPU
		{15D9B2CE-779E-4F15-B8D4-13413972795B}.Release|Any CPU.ActiveCfg = Release|Any CPU
		{15D9B2CE-779E-4F15-B8D4-13413972795B}.Release|Any CPU.Build.0 = Release|Any CPU
	EndGlobalSection
	GlobalSection(SolutionProperties) = preSolution
		HideSolutionNode = FALSE
	EndGlobalSection
EndGlobal
